
Microsoft Visual Studio Solution File, Format Version 12.00
# Visual Studio Version 16
VisualStudioVersion = 16.0.30717.126
MinimumVisualStudioVersion = 10.0.40219.1
Project("{9A19103F-16F7-4668-BE54-9A1E7A4F7556}") = "FastFoodJoint", "FastFoodJoint.csproj", "{6AF31763-E7FB-4F3C-80DC-94B6EA610AE8}"
EndProject
Global
	GlobalSection(SolutionConfigurationPlatforms) = preSolution
		Debug|Any CPU = Debug|Any CPU
		Release|Any CPU = Release|Any CPU
	EndGlobalSection
	GlobalSection(ProjectConfigurationPlatforms) = postSolution
		{6AF31763-E7FB-4F3C-80DC-94B6EA610AE8}.Debug|Any CPU.ActiveCfg = Debug|Any CPU
		{6AF31763-E7FB-4F3C-80DC-94B6EA610AE8}.Debug|Any CPU.Build.0 = Debug|Any CPU
		{6AF31763-E7FB-4F3C-80DC-94B6EA610AE8}.Release|Any CPU.ActiveCfg = Release|Any CPU
		{6AF31763-E7FB-4F3C-80DC-94B6EA610AE8}.Release|Any CPU.Build.0 = Release|Any CPU
	EndGlobalSection
	GlobalSection(SolutionProperties) = preSolution
		HideSolutionNode = FALSE
	EndGlobalSection
	GlobalSection(ExtensibilityGlobals) = postSolution
		SolutionGuid = {26FD7738-4EEF-4F43-B519-B411156BAAA1}
	EndGlobalSection
EndGlobal
